
Microsoft Visual Studio Solution File, Format Version 12.00
# Visual Studio Version 17
VisualStudioVersion = 17.4.33213.308
MinimumVisualStudioVersion = 10.0.40219.1
Project("{FAE04EC0-301F-11D3-BF4B-00C04F79EFBC}") = "One.Core", "One.Core\One.Core.csproj", "{C3F39D2E-DEF0-4C69-B9FD-599DF50FE3A7}"
EndProject
Project("{FAE04EC0-301F-11D3-BF4B-00C04F79EFBC}") = "One.Repository", "One.Repository\One.Repository.csproj", "{27F7A78B-F988-4046-8425-CFFAB2F136BE}"
EndProject
Project("{FAE04EC0-301F-11D3-BF4B-00C04F79EFBC}") = "One.Service", "One.Service\One.Service.csproj", "{E40800C4-2720-47DC-AB0A-E9E4A60A24F8}"
EndProject
Project("{FAE04EC0-301F-11D3-BF4B-00C04F79EFBC}") = "One.API", "One.API\One.API.csproj", "{2151BD70-3277-4E63-B2FC-6AD98266EE02}"
EndProject
Global
	GlobalSection(SolutionConfigurationPlatforms) = preSolution
		Debug|Any CPU = Debug|Any CPU
		Release|Any CPU = Release|Any CPU
	EndGlobalSection
	GlobalSection(ProjectConfigurationPlatforms) = postSolution
		{C3F39D2E-DEF0-4C69-B9FD-599DF50FE3A7}.Debug|Any CPU.ActiveCfg = Debug|Any CPU
		{C3F39D2E-DEF0-4C69-B9FD-599DF50FE3A7}.Debug|Any CPU.Build.0 = Debug|Any CPU
		{C3F39D2E-DEF0-4C69-B9FD-599DF50FE3A7}.Release|Any CPU.ActiveCfg = Release|Any CPU
		{C3F39D2E-DEF0-4C69-B9FD-599DF50FE3A7}.Release|Any CPU.Build.0 = Release|Any CPU
		{27F7A78B-F988-4046-8425-CFFAB2F136BE}.Debug|Any CPU.ActiveCfg = Debug|Any CPU
		{27F7A78B-F988-4046-8425-CFFAB2F136BE}.Debug|Any CPU.Build.0 = Debug|Any CPU
		{27F7A78B-F988-4046-8425-CFFAB2F136BE}.Release|Any CPU.ActiveCfg = Release|Any CPU
		{27F7A78B-F988-4046-8425-CFFAB2F136BE}.Release|Any CPU.Build.0 = Release|Any CPU
		{E40800C4-2720-47DC-AB0A-E9E4A60A24F8}.Debug|Any CPU.ActiveCfg = Debug|Any CPU
		{E40800C4-2720-47DC-AB0A-E9E4A60A24F8}.Debug|Any CPU.Build.0 = Debug|Any CPU
		{E40800C4-2720-47DC-AB0A-E9E4A60A24F8}.Release|Any CPU.ActiveCfg = Release|Any CPU
		{E40800C4-2720-47DC-AB0A-E9E4A60A24F8}.Release|Any CPU.Build.0 = Release|Any CPU
		{2151BD70-3277-4E63-B2FC-6AD98266EE02}.Debug|Any CPU.ActiveCfg = Debug|Any CPU
		{2151BD70-3277-4E63-B2FC-6AD98266EE02}.Debug|Any CPU.Build.0 = Debug|Any CPU
		{2151BD70-3277-4E63-B2FC-6AD98266EE02}.Release|Any CPU.ActiveCfg = Release|Any CPU
		{2151BD70-3277-4E63-B2FC-6AD98266EE02}.Release|Any CPU.Build.0 = Release|Any CPU
	EndGlobalSection
	GlobalSection(SolutionProperties) = preSolution
		HideSolutionNode = FALSE
	EndGlobalSection
	GlobalSection(ExtensibilityGlobals) = postSolution
		SolutionGuid = {AB4650CF-E73F-4BDF-A7B4-8824E260F0E7}
	EndGlobalSection
EndGlobal
